PODS:
  - NestedCloudKitCodable (1.0.1)
  - SwiftLint (0.40.0)

DEPENDENCIES:
  - NestedCloudKitCodable (from `../`)
  - SwiftLint

SPEC REPOS:
  trunk:
    - SwiftLint

EXTERNAL SOURCES:
  NestedCloudKitCodable:
    :path: "../"

SPEC CHECKSUMS:
  NestedCloudKitCodable: b43937568731e71cf3e618d260276249ba0359ca
  SwiftLint: 4154893c73a4c52d6240195507eb7a3e3c64087e

PODFILE CHECKSUM: 434c1690ccb24c1eb25ecdc5a12db9c935a41521

COCOAPODS: 1.9.3
