PODS:
  - NestedCloudKitCodable (1.0.4)
  - SwiftLint (0.40.0)

DEPENDENCIES:
  - NestedCloudKitCodable (from `./`)
  - SwiftLint

SPEC REPOS:
  trunk:
    - SwiftLint

EXTERNAL SOURCES:
  NestedCloudKitCodable:
    :path: "./"

SPEC CHECKSUMS:
  NestedCloudKitCodable: c763e1fce636de277a62ae9c2bdbfd4d50662768
  SwiftLint: 4154893c73a4c52d6240195507eb7a3e3c64087e

PODFILE CHECKSUM: 2ffe4c6d25cbfb6b22eb4b0a78b0a2359a4bb4f2

COCOAPODS: 1.10.0
