PODS:
  - NestedCloudKitCodable (1.0.1)
  - SwiftLint (0.40.0)

DEPENDENCIES:
  - NestedCloudKitCodable (from `./`)
  - SwiftLint

SPEC REPOS:
  trunk:
    - SwiftLint

EXTERNAL SOURCES:
  NestedCloudKitCodable:
    :path: "./"

SPEC CHECKSUMS:
  NestedCloudKitCodable: 63768a8144410309c836d97d1750f8fad5c45a71
  SwiftLint: 4154893c73a4c52d6240195507eb7a3e3c64087e

PODFILE CHECKSUM: 3c6b4eff28207ac4e4bdd3a3f0d4a2d9a815c981

COCOAPODS: 1.9.3
